// !$*UTF8*$!
{
	archiveVersion = 1;
	classes = {
	};
	objectVersion = 55;
	objects = {

/* Begin PBXBuildFile section */
		03EB9B54294FE0CE00305E5D /* TaskListApp.swift in Sources */ = {isa = PBXBuildFile; fileRef = 03EB9B53294FE0CE00305E5D /* TaskListApp.swift */; };
		03EB9B56294FE0CE00305E5D /* ContentView.swift in Sources */ = {isa = PBXBuildFile; fileRef = 03EB9B55294FE0CE00305E5D /* ContentView.swift */; };
		03EB9B58294FE0CF00305E5D /* Assets.xcassets in Resources */ = {isa = PBXBuildFile; fileRef = 03EB9B57294FE0CF00305E5D /* Assets.xcassets */; };
		03EB9B5B294FE0CF00305E5D /* Preview Assets.xcassets in Resources */ = {isa = PBXBuildFile; fileRef = 03EB9B5A294FE0CF00305E5D /* Preview Assets.xcassets */; };
		03EB9B65294FE0CF00305E5D /* TaskListTests.swift in Sources */ = {isa = PBXBuildFile; fileRef = 03EB9B64294FE0CF00305E5D /* TaskListTests.swift */; };
		03EB9B6F294FE0CF00305E5D /* TaskListUITests.swift in Sources */ = {isa = PBXBuildFile; fileRef = 03EB9B6E294FE0CF00305E5D /* TaskListUITests.swift */; };
		03EB9B71294FE0CF00305E5D /* TaskListUITestsLaunchTests.swift in Sources */ = {isa = PBXBuildFile; fileRef = 03EB9B70294FE0CF00305E5D /* TaskListUITestsLaunchTests.swift */; };
		03EB9B862950CE8000305E5D /* README.md in Resources */ = {isa = PBXBuildFile; fileRef = 03EB9B852950CE8000305E5D /* README.md */; };
/* End PBXBuildFile section */

/* Begin PBXContainerItemProxy section */
		03EB9B61294FE0CF00305E5D /* PBXContainerItemProxy */ = {
			isa = PBXContainerItemProxy;
			containerPortal = 03EB9B48294FE0CE00305E5D /* Project object */;
			proxyType = 1;
			remoteGlobalIDString = 03EB9B4F294FE0CE00305E5D;
			remoteInfo = TaskList;
		};
		03EB9B6B294FE0CF00305E5D /* PBXContainerItemProxy */ = {
			isa = PBXContainerItemProxy;
			containerPortal = 03EB9B48294FE0CE00305E5D /* Project object */;
			proxyType = 1;
			remoteGlobalIDString = 03EB9B4F294FE0CE00305E5D;
			remoteInfo = TaskList;
		};
/* End PBXContainerItemProxy section */

/* Begin PBXFileReference section */
		03EB9B50294FE0CE00305E5D /* TaskList.app */ = {isa = PBXFileReference; explicitFileType = wrapper.application; includeInIndex = 0; path = TaskList.app; sourceTree = BUILT_PRODUCTS_DIR; };
		03EB9B53294FE0CE00305E5D /* TaskListApp.swift */ = {isa = PBXFileReference; lastKnownFileType = sourcecode.swift; path = TaskListApp.swift; sourceTree = "<group>"; };
		03EB9B55294FE0CE00305E5D /* ContentView.swift */ = {isa = PBXFileReference; lastKnownFileType = sourcecode.swift; path = ContentView.swift; sourceTree = "<group>"; };
		03EB9B57294FE0CF00305E5D /* Assets.xcassets */ = {isa = PBXFileReference; lastKnownFileType = folder.assetcatalog; path = Assets.xcassets; sourceTree = "<group>"; };
		03EB9B5A294FE0CF00305E5D /* Preview Assets.xcassets */ = {isa = PBXFileReference; lastKnownFileType = folder.assetcatalog; path = "Preview Assets.xcassets"; sourceTree = "<group>"; };
		03EB9B60294FE0CF00305E5D /* TaskListTests.xctest */ = {isa = PBXFileReference; explicitFileType = wrapper.cfbundle; includeInIndex = 0; path = TaskListTests.xctest; sourceTree = BUILT_PRODUCTS_DIR; };
		03EB9B64294FE0CF00305E5D /* TaskListTests.swift */ = {isa = PBXFileReference; lastKnownFileType = sourcecode.swift; path = TaskListTests.swift; sourceTree = "<group>"; };
		03EB9B6A294FE0CF00305E5D /* TaskListUITests.xctest */ = {isa = PBXFileReference; explicitFileType = wrapper.cfbundle; includeInIndex = 0; path = TaskListUITests.xctest; sourceTree = BUILT_PRODUCTS_DIR; };
		03EB9B6E294FE0CF00305E5D /* TaskListUITests.swift */ = {isa = PBXFileReference; lastKnownFileType = sourcecode.swift; path = TaskListUITests.swift; sourceTree = "<group>"; };
		03EB9B70294FE0CF00305E5D /* TaskListUITestsLaunchTests.swift */ = {isa = PBXFileReference; lastKnownFileType = sourcecode.swift; path = TaskListUITestsLaunchTests.swift; sourceTree = "<group>"; };
		03EB9B852950CE8000305E5D /* README.md */ = {isa = PBXFileReference; fileEncoding = 4; lastKnownFileType = net.daringfireball.markdown; path = README.md; sourceTree = "<group>"; };
/* End PBXFileReference section */

/* Begin PBXFrameworksBuildPhase section */
		03EB9B4D294FE0CE00305E5D /* Frameworks */ = {
			isa = PBXFrameworksBuildPhase;
			buildActionMask = 2147483647;
			files = (
			);
			runOnlyForDeploymentPostprocessing = 0;
		};
		03EB9B5D294FE0CF00305E5D /* Frameworks */ = {
			isa = PBXFrameworksBuildPhase;
			buildActionMask = 2147483647;
			files = (
			);
			runOnlyForDeploymentPostprocessing = 0;
		};
		03EB9B67294FE0CF00305E5D /* Frameworks */ = {
			isa = PBXFrameworksBuildPhase;
			buildActionMask = 2147483647;
			files = (
			);
			runOnlyForDeploymentPostprocessing = 0;
		};
/* End PBXFrameworksBuildPhase section */

/* Begin PBXGroup section */
		03EB9B47294FE0CE00305E5D = {
			isa = PBXGroup;
			children = (
				03EB9B52294FE0CE00305E5D /* TaskList */,
				03EB9B63294FE0CF00305E5D /* TaskListTests */,
				03EB9B6D294FE0CF00305E5D /* TaskListUITests */,
				03EB9B51294FE0CE00305E5D /* Products */,
			);
			sourceTree = "<group>";
		};
		03EB9B51294FE0CE00305E5D /* Products */ = {
			isa = PBXGroup;
			children = (
				03EB9B50294FE0CE00305E5D /* TaskList.app */,
				03EB9B60294FE0CF00305E5D /* TaskListTests.xctest */,
				03EB9B6A294FE0CF00305E5D /* TaskListUITests.xctest */,
			);
			name = Products;
			sourceTree = "<group>";
		};
		03EB9B52294FE0CE00305E5D /* TaskList */ = {
			isa = PBXGroup;
			children = (
				03EB9B7D294FE19000305E5D /* Model */,
				03EB9B7E294FE19700305E5D /* View */,
				03EB9B7F294FE19F00305E5D /* ViewModel */,
				03EB9B80294FE1AF00305E5D /* App */,
			);
			path = TaskList;
			sourceTree = "<group>";
		};
		03EB9B59294FE0CF00305E5D /* Preview Content */ = {
			isa = PBXGroup;
			children = (
				03EB9B5A294FE0CF00305E5D /* Preview Assets.xcassets */,
			);
			path = "Preview Content";
			sourceTree = "<group>";
		};
		03EB9B63294FE0CF00305E5D /* TaskListTests */ = {
			isa = PBXGroup;
			children = (
				03EB9B64294FE0CF00305E5D /* TaskListTests.swift */,
			);
			path = TaskListTests;
			sourceTree = "<group>";
		};
		03EB9B6D294FE0CF00305E5D /* TaskListUITests */ = {
			isa = PBXGroup;
			children = (
				03EB9B6E294FE0CF00305E5D /* TaskListUITests.swift */,
				03EB9B70294FE0CF00305E5D /* TaskListUITestsLaunchTests.swift */,
			);
			path = TaskListUITests;
			sourceTree = "<group>";
		};
		03EB9B7D294FE19000305E5D /* Model */ = {
			isa = PBXGroup;
			children = (
			);
			path = Model;
			sourceTree = "<group>";
		};
		03EB9B7E294FE19700305E5D /* View */ = {
			isa = PBXGroup;
			children = (
				03EB9B55294FE0CE00305E5D /* ContentView.swift */,
				03EB9B852950CE8000305E5D /* README.md */,
			);
			path = View;
			sourceTree = "<group>";
		};
		03EB9B7F294FE19F00305E5D /* ViewModel */ = {
			isa = PBXGroup;
			children = (
			);
			path = ViewModel;
			sourceTree = "<group>";
		};
		03EB9B80294FE1AF00305E5D /* App */ = {
			isa = PBXGroup;
			children = (
				03EB9B53294FE0CE00305E5D /* TaskListApp.swift */,
				03EB9B57294FE0CF00305E5D /* Assets.xcassets */,
				03EB9B59294FE0CF00305E5D /* Preview Content */,
			);
			path = App;
			sourceTree = "<group>";
		};
/* End PBXGroup section */

/* Begin PBXNativeTarget section */
		03EB9B4F294FE0CE00305E5D /* TaskList */ = {
			isa = PBXNativeTarget;
			buildConfigurationList = 03EB9B74294FE0CF00305E5D /* Build configuration list for PBXNativeTarget "TaskList" */;
			buildPhases = (
				03EB9B4C294FE0CE00305E5D /* Sources */,
				03EB9B4D294FE0CE00305E5D /* Frameworks */,
				03EB9B4E294FE0CE00305E5D /* Resources */,
			);
			buildRules = (
			);
			dependencies = (
			);
			name = TaskList;
			productName = TaskList;
			productReference = 03EB9B50294FE0CE00305E5D /* TaskList.app */;
			productType = "com.apple.product-type.application";
		};
		03EB9B5F294FE0CF00305E5D /* TaskListTests */ = {
			isa = PBXNativeTarget;
			buildConfigurationList = 03EB9B77294FE0CF00305E5D /* Build configuration list for PBXNativeTarget "TaskListTests" */;
			buildPhases = (
				03EB9B5C294FE0CF00305E5D /* Sources */,
				03EB9B5D294FE0CF00305E5D /* Frameworks */,
				03EB9B5E294FE0CF00305E5D /* Resources */,
			);
			buildRules = (
			);
			dependencies = (
				03EB9B62294FE0CF00305E5D /* PBXTargetDependency */,
			);
			name = TaskListTests;
			productName = TaskListTests;
			productReference = 03EB9B60294FE0CF00305E5D /* TaskListTests.xctest */;
			productType = "com.apple.product-type.bundle.unit-test";
		};
		03EB9B69294FE0CF00305E5D /* TaskListUITests */ = {
			isa = PBXNativeTarget;
			buildConfigurationList = 03EB9B7A294FE0CF00305E5D /* Build configuration list for PBXNativeTarget "TaskListUITests" */;
			buildPhases = (
				03EB9B66294FE0CF00305E5D /* Sources */,
				03EB9B67294FE0CF00305E5D /* Frameworks */,
				03EB9B68294FE0CF00305E5D /* Resources */,
			);
			buildRules = (
			);
			dependencies = (
				03EB9B6C294FE0CF00305E5D /* PBXTargetDependency */,
			);
			name = TaskListUITests;
			productName = TaskListUITests;
			productReference = 03EB9B6A294FE0CF00305E5D /* TaskListUITests.xctest */;
			productType = "com.apple.product-type.bundle.ui-testing";
		};
/* End PBXNativeTarget section */

/* Begin PBXProject section */
		03EB9B48294FE0CE00305E5D /* Project object */ = {
			isa = PBXProject;
			attributes = {
				BuildIndependentTargetsInParallel = 1;
				LastSwiftUpdateCheck = 1340;
				LastUpgradeCheck = 1340;
				TargetAttributes = {
					03EB9B4F294FE0CE00305E5D = {
						CreatedOnToolsVersion = 13.4.1;
					};
					03EB9B5F294FE0CF00305E5D = {
						CreatedOnToolsVersion = 13.4.1;
						TestTargetID = 03EB9B4F294FE0CE00305E5D;
					};
					03EB9B69294FE0CF00305E5D = {
						CreatedOnToolsVersion = 13.4.1;
						TestTargetID = 03EB9B4F294FE0CE00305E5D;
					};
				};
			};
			buildConfigurationList = 03EB9B4B294FE0CE00305E5D /* Build configuration list for PBXProject "TaskList" */;
			compatibilityVersion = "Xcode 13.0";
			developmentRegion = en;
			hasScannedForEncodings = 0;
			knownRegions = (
				en,
				Base,
			);
			mainGroup = 03EB9B47294FE0CE00305E5D;
			productRefGroup = 03EB9B51294FE0CE00305E5D /* Products */;
			projectDirPath = "";
			projectRoot = "";
			targets = (
				03EB9B4F294FE0CE00305E5D /* TaskList */,
				03EB9B5F294FE0CF00305E5D /* TaskListTests */,
				03EB9B69294FE0CF00305E5D /* TaskListUITests */,
			);
		};
/* End PBXProject section */

/* Begin PBXResourcesBuildPhase section */
		03EB9B4E294FE0CE00305E5D /* Resources */ = {
			isa = PBXResourcesBuildPhase;
			buildActionMask = 2147483647;
			files = (
				03EB9B862950CE8000305E5D /* README.md in Resources */,
				03EB9B5B294FE0CF00305E5D /* Preview Assets.xcassets in Resources */,
				03EB9B58294FE0CF00305E5D /* Assets.xcassets in Resources */,
			);
			runOnlyForDeploymentPostprocessing = 0;
		};
		03EB9B5E294FE0CF00305E5D /* Resources */ = {
			isa = PBXResourcesBuildPhase;
			buildActionMask = 2147483647;
			files = (
			);
			runOnlyForDeploymentPostprocessing = 0;
		};
		03EB9B68294FE0CF00305E5D /* Resources */ = {
			isa = PBXResourcesBuildPhase;
			buildActionMask = 2147483647;
			files = (
			);
			runOnlyForDeploymentPostprocessing = 0;
		};
/* End PBXResourcesBuildPhase section */

/* Begin PBXSourcesBuildPhase section */
		03EB9B4C294FE0CE00305E5D /* Sources */ = {
			isa = PBXSourcesBuildPhase;
			buildActionMask = 2147483647;
			files = (
				03EB9B56294FE0CE00305E5D /* ContentView.swift in Sources */,
				03EB9B54294FE0CE00305E5D /* TaskListApp.swift in Sources */,
			);
			runOnlyForDeploymentPostprocessing = 0;
		};
		03EB9B5C294FE0CF00305E5D /* Sources */ = {
			isa = PBXSourcesBuildPhase;
			buildActionMask = 2147483647;
			files = (
				03EB9B65294FE0CF00305E5D /* TaskListTests.swift in Sources */,
			);
			runOnlyForDeploymentPostprocessing = 0;
		};
		03EB9B66294FE0CF00305E5D /* Sources */ = {
			isa = PBXSourcesBuildPhase;
			buildActionMask = 2147483647;
			files = (
				03EB9B71294FE0CF00305E5D /* TaskListUITestsLaunchTests.swift in Sources */,
				03EB9B6F294FE0CF00305E5D /* TaskListUITests.swift in Sources */,
			);
			runOnlyForDeploymentPostprocessing = 0;
		};
/* End PBXSourcesBuildPhase section */

/* Begin PBXTargetDependency section */
		03EB9B62294FE0CF00305E5D /* PBXTargetDependency */ = {
			isa = PBXTargetDependency;
			target = 03EB9B4F294FE0CE00305E5D /* TaskList */;
			targetProxy = 03EB9B61294FE0CF00305E5D /* PBXContainerItemProxy */;
		};
		03EB9B6C294FE0CF00305E5D /* PBXTargetDependency */ = {
			isa = PBXTargetDependency;
			target = 03EB9B4F294FE0CE00305E5D /* TaskList */;
			targetProxy = 03EB9B6B294FE0CF00305E5D /* PBXContainerItemProxy */;
		};
/* End PBXTargetDependency section */

/* Begin XCBuildConfiguration section */
		03EB9B72294FE0CF00305E5D /* Debug */ = {
			isa = XCBuildConfiguration;
			buildSettings = {
				ALWAYS_SEARCH_USER_PATHS = NO;
				CLANG_ANALYZER_NONNULL = YES;
				CLANG_ANALYZER_NUMBER_OBJECT_CONVERSION = YES_AGGRESSIVE;
				CLANG_CXX_LANGUAGE_STANDARD = "gnu++17";
				CLANG_ENABLE_MODULES = YES;
				CLANG_ENABLE_OBJC_ARC = YES;
				CLANG_ENABLE_OBJC_WEAK = YES;
				CLANG_WARN_BLOCK_CAPTURE_AUTORELEASING = YES;
				CLANG_WARN_BOOL_CONVERSION = YES;
				CLANG_WARN_COMMA = YES;
				CLANG_WARN_CONSTANT_CONVERSION = YES;
				CLANG_WARN_DEPRECATED_OBJC_IMPLEMENTATIONS = YES;
				CLANG_WARN_DIRECT_OBJC_ISA_USAGE = YES_ERROR;
				CLANG_WARN_DOCUMENTATION_COMMENTS = YES;
				CLANG_WARN_EMPTY_BODY = YES;
				CLANG_WARN_ENUM_CONVERSION = YES;
				CLANG_WARN_INFINITE_RECURSION = YES;
				CLANG_WARN_INT_CONVERSION = YES;
				CLANG_WARN_NON_LITERAL_NULL_CONVERSION = YES;
				CLANG_WARN_OBJC_IMPLICIT_RETAIN_SELF = YES;
				CLANG_WARN_OBJC_LITERAL_CONVERSION = YES;
				CLANG_WARN_OBJC_ROOT_CLASS = YES_ERROR;
				CLANG_WARN_QUOTED_INCLUDE_IN_FRAMEWORK_HEADER = YES;
				CLANG_WARN_RANGE_LOOP_ANALYSIS = YES;
				CLANG_WARN_STRICT_PROTOTYPES = YES;
				CLANG_WARN_SUSPICIOUS_MOVE = YES;
				CLANG_WARN_UNGUARDED_AVAILABILITY = YES_AGGRESSIVE;
				CLANG_WARN_UNREACHABLE_CODE = YES;
				CLANG_WARN__DUPLICATE_METHOD_MATCH = YES;
				COPY_PHASE_STRIP = NO;
				DEBUG_INFORMATION_FORMAT = dwarf;
				ENABLE_STRICT_OBJC_MSGSEND = YES;
				ENABLE_TESTABILITY = YES;
				GCC_C_LANGUAGE_STANDARD = gnu11;
				GCC_DYNAMIC_NO_PIC = NO;
				GCC_NO_COMMON_BLOCKS = YES;
				GCC_OPTIMIZATION_LEVEL = 0;
				GCC_PREPROCESSOR_DEFINITIONS = (
					"DEBUG=1",
					"$(inherited)",
				);
				GCC_WARN_64_TO_32_BIT_CONVERSION = YES;
				GCC_WARN_ABOUT_RETURN_TYPE = YES_ERROR;
				GCC_WARN_UNDECLARED_SELECTOR = YES;
				GCC_WARN_UNINITIALIZED_AUTOS = YES_AGGRESSIVE;
				GCC_WARN_UNUSED_FUNCTION = YES;
				GCC_WARN_UNUSED_VARIABLE = YES;
				IPHONEOS_DEPLOYMENT_TARGET = 15.5;
				MTL_ENABLE_DEBUG_INFO = INCLUDE_SOURCE;
				MTL_FAST_MATH = YES;
				ONLY_ACTIVE_ARCH = YES;
				SDKROOT = iphoneos;
				SWIFT_ACTIVE_COMPILATION_CONDITIONS = DEBUG;
				SWIFT_OPTIMIZATION_LEVEL = "-Onone";
			};
			name = Debug;
		};
		03EB9B73294FE0CF00305E5D /* Release */ = {
			isa = XCBuildConfiguration;
			buildSettings = {
				ALWAYS_SEARCH_USER_PATHS = NO;
				CLANG_ANALYZER_NONNULL = YES;
				CLANG_ANALYZER_NUMBER_OBJECT_CONVERSION = YES_AGGRESSIVE;
				CLANG_CXX_LANGUAGE_STANDARD = "gnu++17";
				CLANG_ENABLE_MODULES = YES;
				CLANG_ENABLE_OBJC_ARC = YES;
				CLANG_ENABLE_OBJC_WEAK = YES;
				CLANG_WARN_BLOCK_CAPTURE_AUTORELEASING = YES;
				CLANG_WARN_BOOL_CONVERSION = YES;
				CLANG_WARN_COMMA = YES;
				CLANG_WARN_CONSTANT_CONVERSION = YES;
				CLANG_WARN_DEPRECATED_OBJC_IMPLEMENTATIONS = YES;
				CLANG_WARN_DIRECT_OBJC_ISA_USAGE = YES_ERROR;
				CLANG_WARN_DOCUMENTATION_COMMENTS = YES;
				CLANG_WARN_EMPTY_BODY = YES;
				CLANG_WARN_ENUM_CONVERSION = YES;
				CLANG_WARN_INFINITE_RECURSION = YES;
				CLANG_WARN_INT_CONVERSION = YES;
				CLANG_WARN_NON_LITERAL_NULL_CONVERSION = YES;
				CLANG_WARN_OBJC_IMPLICIT_RETAIN_SELF = YES;
				CLANG_WARN_OBJC_LITERAL_CONVERSION = YES;
				CLANG_WARN_OBJC_ROOT_CLASS = YES_ERROR;
				CLANG_WARN_QUOTED_INCLUDE_IN_FRAMEWORK_HEADER = YES;
				CLANG_WARN_RANGE_LOOP_ANALYSIS = YES;
				CLANG_WARN_STRICT_PROTOTYPES = YES;
				CLANG_WARN_SUSPICIOUS_MOVE = YES;
				CLANG_WARN_UNGUARDED_AVAILABILITY = YES_AGGRESSIVE;
				CLANG_WARN_UNREACHABLE_CODE = YES;
				CLANG_WARN__DUPLICATE_METHOD_MATCH = YES;
				COPY_PHASE_STRIP = NO;
				DEBUG_INFORMATION_FORMAT = "dwarf-with-dsym";
				ENABLE_NS_ASSERTIONS = NO;
				ENABLE_STRICT_OBJC_MSGSEND = YES;
				GCC_C_LANGUAGE_STANDARD = gnu11;
				GCC_NO_COMMON_BLOCKS = YES;
				GCC_WARN_64_TO_32_BIT_CONVERSION = YES;
				GCC_WARN_ABOUT_RETURN_TYPE = YES_ERROR;
				GCC_WARN_UNDECLARED_SELECTOR = YES;
				GCC_WARN_UNINITIALIZED_AUTOS = YES_AGGRESSIVE;
				GCC_WARN_UNUSED_FUNCTION = YES;
				GCC_WARN_UNUSED_VARIABLE = YES;
				IPHONEOS_DEPLOYMENT_TARGET = 15.5;
				MTL_ENABLE_DEBUG_INFO = NO;
				MTL_FAST_MATH = YES;
				SDKROOT = iphoneos;
				SWIFT_COMPILATION_MODE = wholemodule;
				SWIFT_OPTIMIZATION_LEVEL = "-O";
				VALIDATE_PRODUCT = YES;
			};
			name = Release;
		};
		03EB9B75294FE0CF00305E5D /* Debug */ = {
			isa = XCBuildConfiguration;
			buildSettings = {
				ASSETCATALOG_COMPILER_APPICON_NAME = AppIcon;
				ASSETCATALOG_COMPILER_GLOBAL_ACCENT_COLOR_NAME = AccentColor;
				CODE_SIGN_STYLE = Automatic;
				CURRENT_PROJECT_VERSION = 1;
				DEVELOPMENT_ASSET_PATHS = "\"TaskList/App/Preview Content\"";
				DEVELOPMENT_TEAM = 9JG2MU7PT5;
				ENABLE_PREVIEWS = YES;
				GENERATE_INFOPLIST_FILE = YES;
				INFOPLIST_KEY_UIApplicationSceneManifest_Generation = YES;
				INFOPLIST_KEY_UIApplicationSupportsIndirectInputEvents = YES;
				INFOPLIST_KEY_UILaunchScreen_Generation = YES;
				INFOPLIST_KEY_UISupportedInterfaceOrientations = UIInterfaceOrientationPortrait;
				INFOPLIST_KEY_UISupportedInterfaceOrientations_iPad = "UIInterfaceOrientationPortrait UIInterfaceOrientationPortraitUpsideDown UIInterfaceOrientationLandscapeLeft UIInterfaceOrientationLandscapeRight";
				INFOPLIST_KEY_UISupportedInterfaceOrientations_iPhone = "UIInterfaceOrientationPortrait UIInterfaceOrientationLandscapeLeft UIInterfaceOrientationLandscapeRight";
				LD_RUNPATH_SEARCH_PATHS = (
					"$(inherited)",
					"@executable_path/Frameworks",
				);
				MARKETING_VERSION = 1.0;
				PRODUCT_BUNDLE_IDENTIFIER = com.actionsoftware.TaskList;
				PRODUCT_NAME = "$(TARGET_NAME)";
				SWIFT_EMIT_LOC_STRINGS = YES;
				SWIFT_VERSION = 5.0;
				TARGETED_DEVICE_FAMILY = "1,2";
			};
			name = Debug;
		};
		03EB9B76294FE0CF00305E5D /* Release */ = {
			isa = XCBuildConfiguration;
			buildSettings = {
				ASSETCATALOG_COMPILER_APPICON_NAME = AppIcon;
				ASSETCATALOG_COMPILER_GLOBAL_ACCENT_COLOR_NAME = AccentColor;
				CODE_SIGN_STYLE = Automatic;
				CURRENT_PROJECT_VERSION = 1;
				DEVELOPMENT_ASSET_PATHS = "\"TaskList/App/Preview Content\"";
				DEVELOPMENT_TEAM = 9JG2MU7PT5;
				ENABLE_PREVIEWS = YES;
				GENERATE_INFOPLIST_FILE = YES;
				INFOPLIST_KEY_UIApplicationSceneManifest_Generation = YES;
				INFOPLIST_KEY_UIApplicationSupportsIndirectInputEvents = YES;
				INFOPLIST_KEY_UILaunchScreen_Generation = YES;
				INFOPLIST_KEY_UISupportedInterfaceOrientations = UIInterfaceOrientationPortrait;
				INFOPLIST_KEY_UISupportedInterfaceOrientations_iPad = "UIInterfaceOrientationPortrait UIInterfaceOrientationPortraitUpsideDown UIInterfaceOrientationLandscapeLeft UIInterfaceOrientationLandscapeRight";
				INFOPLIST_KEY_UISupportedInterfaceOrientations_iPhone = "UIInterfaceOrientationPortrait UIInterfaceOrientationLandscapeLeft UIInterfaceOrientationLandscapeRight";
				LD_RUNPATH_SEARCH_PATHS = (
					"$(inherited)",
					"@executable_path/Frameworks",
				);
				MARKETING_VERSION = 1.0;
				PRODUCT_BUNDLE_IDENTIFIER = com.actionsoftware.TaskList;
				PRODUCT_NAME = "$(TARGET_NAME)";
				SWIFT_EMIT_LOC_STRINGS = YES;
				SWIFT_VERSION = 5.0;
				TARGETED_DEVICE_FAMILY = "1,2";
			};
			name = Release;
		};
		03EB9B78294FE0CF00305E5D /* Debug */ = {
			isa = XCBuildConfiguration;
			buildSettings = {
				ALWAYS_EMBED_SWIFT_STANDARD_LIBRARIES = YES;
				BUNDLE_LOADER = "$(TEST_HOST)";
				CODE_SIGN_STYLE = Automatic;
				CURRENT_PROJECT_VERSION = 1;
				DEVELOPMENT_TEAM = 9JG2MU7PT5;
				GENERATE_INFOPLIST_FILE = YES;
				IPHONEOS_DEPLOYMENT_TARGET = 15.5;
				MARKETING_VERSION = 1.0;
				PRODUCT_BUNDLE_IDENTIFIER = com.actionsoftware.TaskListTests;
				PRODUCT_NAME = "$(TARGET_NAME)";
				SWIFT_EMIT_LOC_STRINGS = NO;
				SWIFT_VERSION = 5.0;
				TARGETED_DEVICE_FAMILY = "1,2";
				TEST_HOST = "$(BUILT_PRODUCTS_DIR)/TaskList.app/TaskList";
			};
			name = Debug;
		};
		03EB9B79294FE0CF00305E5D /* Release */ = {
			isa = XCBuildConfiguration;
			buildSettings = {
				ALWAYS_EMBED_SWIFT_STANDARD_LIBRARIES = YES;
				BUNDLE_LOADER = "$(TEST_HOST)";
				CODE_SIGN_STYLE = Automatic;
				CURRENT_PROJECT_VERSION = 1;
				DEVELOPMENT_TEAM = 9JG2MU7PT5;
				GENERATE_INFOPLIST_FILE = YES;
				IPHONEOS_DEPLOYMENT_TARGET = 15.5;
				MARKETING_VERSION = 1.0;
				PRODUCT_BUNDLE_IDENTIFIER = com.actionsoftware.TaskListTests;
				PRODUCT_NAME = "$(TARGET_NAME)";
				SWIFT_EMIT_LOC_STRINGS = NO;
				SWIFT_VERSION = 5.0;
				TARGETED_DEVICE_FAMILY = "1,2";
				TEST_HOST = "$(BUILT_PRODUCTS_DIR)/TaskList.app/TaskList";
			};
			name = Release;
		};
		03EB9B7B294FE0CF00305E5D /* Debug */ = {
			isa = XCBuildConfiguration;
			buildSettings = {
				ALWAYS_EMBED_SWIFT_STANDARD_LIBRARIES = YES;
				CODE_SIGN_STYLE = Automatic;
				CURRENT_PROJECT_VERSION = 1;
				DEVELOPMENT_TEAM = 9JG2MU7PT5;
				GENERATE_INFOPLIST_FILE = YES;
				MARKETING_VERSION = 1.0;
				PRODUCT_BUNDLE_IDENTIFIER = com.actionsoftware.TaskListUITests;
				PRODUCT_NAME = "$(TARGET_NAME)";
				SWIFT_EMIT_LOC_STRINGS = NO;
				SWIFT_VERSION = 5.0;
				TARGETED_DEVICE_FAMILY = "1,2";
				TEST_TARGET_NAME = TaskList;
			};
			name = Debug;
		};
		03EB9B7C294FE0CF00305E5D /* Release */ = {
			isa = XCBuildConfiguration;
			buildSettings = {
				ALWAYS_EMBED_SWIFT_STANDARD_LIBRARIES = YES;
				CODE_SIGN_STYLE = Automatic;
				CURRENT_PROJECT_VERSION = 1;
				DEVELOPMENT_TEAM = 9JG2MU7PT5;
				GENERATE_INFOPLIST_FILE = YES;
				MARKETING_VERSION = 1.0;
				PRODUCT_BUNDLE_IDENTIFIER = com.actionsoftware.TaskListUITests;
				PRODUCT_NAME = "$(TARGET_NAME)";
				SWIFT_EMIT_LOC_STRINGS = NO;
				SWIFT_VERSION = 5.0;
				TARGETED_DEVICE_FAMILY = "1,2";
				TEST_TARGET_NAME = TaskList;
			};
			name = Release;
		};
/* End XCBuildConfiguration section */

/* Begin XCConfigurationList section */
		03EB9B4B294FE0CE00305E5D /* Build configuration list for PBXProject "TaskList" */ = {
			isa = XCConfigurationList;
			buildConfigurations = (
				03EB9B72294FE0CF00305E5D /* Debug */,
				03EB9B73294FE0CF00305E5D /* Release */,
			);
			defaultConfigurationIsVisible = 0;
			defaultConfigurationName = Release;
		};
		03EB9B74294FE0CF00305E5D /* Build configuration list for PBXNativeTarget "TaskList" */ = {
			isa = XCConfigurationList;
			buildConfigurations = (
				03EB9B75294FE0CF00305E5D /* Debug */,
				03EB9B76294FE0CF00305E5D /* Release */,
			);
			defaultConfigurationIsVisible = 0;
			defaultConfigurationName = Release;
		};
		03EB9B77294FE0CF00305E5D /* Build configuration list for PBXNativeTarget "TaskListTests" */ = {
			isa = XCConfigurationList;
			buildConfigurations = (
				03EB9B78294FE0CF00305E5D /* Debug */,
				03EB9B79294FE0CF00305E5D /* Release */,
			);
			defaultConfigurationIsVisible = 0;
			defaultConfigurationName = Release;
		};
		03EB9B7A294FE0CF00305E5D /* Build configuration list for PBXNativeTarget "TaskListUITests" */ = {
			isa = XCConfigurationList;
			buildConfigurations = (
				03EB9B7B294FE0CF00305E5D /* Debug */,
				03EB9B7C294FE0CF00305E5D /* Release */,
			);
			defaultConfigurationIsVisible = 0;
			defaultConfigurationName = Release;
		};
/* End XCConfigurationList section */
	};
	rootObject = 03EB9B48294FE0CE00305E5D /* Project object */;
}
